
Microsoft Visual Studio Solution File, Format Version 12.00
# Visual Studio Version 16
VisualStudioVersion = 16.0.31702.278
MinimumVisualStudioVersion = 10.0.40219.1
Project("{FAE04EC0-301F-11D3-BF4B-00C04F79EFBC}") = "ClassTasks 2.10.21", "ClassTasks 2.10.21\ClassTasks 2.10.21.csproj", "{7C2FC598-BD56-445C-B3DE-0C74C2510C1E}"
EndProject
Project("{FAE04EC0-301F-11D3-BF4B-00C04F79EFBC}") = "Laboratory work №5", "Laboratory work №5\Laboratory work №5.csproj", "{3FC9A787-B79B-440F-AFAE-6B046070EB87}"
EndProject
Project("{FAE04EC0-301F-11D3-BF4B-00C04F79EFBC}") = "Homework", "Homework\Homework.csproj", "{1DBB51A3-2326-4622-8A57-0B5A1CA5CE6E}"
EndProject
Global
	GlobalSection(SolutionConfigurationPlatforms) = preSolution
		Debug|Any CPU = Debug|Any CPU
		Release|Any CPU = Release|Any CPU
	EndGlobalSection
	GlobalSection(ProjectConfigurationPlatforms) = postSolution
		{7C2FC598-BD56-445C-B3DE-0C74C2510C1E}.Debug|Any CPU.ActiveCfg = Debug|Any CPU
		{7C2FC598-BD56-445C-B3DE-0C74C2510C1E}.Debug|Any CPU.Build.0 = Debug|Any CPU
		{7C2FC598-BD56-445C-B3DE-0C74C2510C1E}.Release|Any CPU.ActiveCfg = Release|Any CPU
		{7C2FC598-BD56-445C-B3DE-0C74C2510C1E}.Release|Any CPU.Build.0 = Release|Any CPU
		{3FC9A787-B79B-440F-AFAE-6B046070EB87}.Debug|Any CPU.ActiveCfg = Debug|Any CPU
		{3FC9A787-B79B-440F-AFAE-6B046070EB87}.Debug|Any CPU.Build.0 = Debug|Any CPU
		{3FC9A787-B79B-440F-AFAE-6B046070EB87}.Release|Any CPU.ActiveCfg = Release|Any CPU
		{3FC9A787-B79B-440F-AFAE-6B046070EB87}.Release|Any CPU.Build.0 = Release|Any CPU
		{1DBB51A3-2326-4622-8A57-0B5A1CA5CE6E}.Debug|Any CPU.ActiveCfg = Debug|Any CPU
		{1DBB51A3-2326-4622-8A57-0B5A1CA5CE6E}.Debug|Any CPU.Build.0 = Debug|Any CPU
		{1DBB51A3-2326-4622-8A57-0B5A1CA5CE6E}.Release|Any CPU.ActiveCfg = Release|Any CPU
		{1DBB51A3-2326-4622-8A57-0B5A1CA5CE6E}.Release|Any CPU.Build.0 = Release|Any CPU
	EndGlobalSection
	GlobalSection(SolutionProperties) = preSolution
		HideSolutionNode = FALSE
	EndGlobalSection
	GlobalSection(ExtensibilityGlobals) = postSolution
		SolutionGuid = {7BD4434D-338D-4454-AFA8-632D1DDC61F5}
	EndGlobalSection
EndGlobal
